// !$*UTF8*$!
{
	archiveVersion = 1;
	classes = {
	};
	objectVersion = 46;
	objects = {

/* Begin PBXBuildFile section */
		050330721E767CEF005AB44A /* GameKit.framework in Frameworks */ = {isa = PBXBuildFile; fileRef = 050330711E767CEF005AB44A /* GameKit.framework */; };
		05C4D9521E7616DF00AB9F52 /* main.m in Sources */ = {isa = PBXBuildFile; fileRef = 05C4D9511E7616DF00AB9F52 /* main.m */; };
		05C4D95F1E76182500AB9F52 /* CalcTest.swift in Sources */ = {isa = PBXBuildFile; fileRef = 05C4D95E1E76182500AB9F52 /* CalcTest.swift */; };
		05F9F69D1E9DE9FD00694D73 /* calc in Resources */ = {isa = PBXBuildFile; fileRef = 05C4D94E1E7616DF00AB9F52 /* calc */; };
		05F9F6A81E9DEF7200694D73 /* main.m in Sources */ = {isa = PBXBuildFile; fileRef = 05C4D9511E7616DF00AB9F52 /* main.m */; };
/* End PBXBuildFile section */

/* Begin PBXContainerItemProxy section */
		05C4D9641E7618E600AB9F52 /* PBXContainerItemProxy */ = {
			isa = PBXContainerItemProxy;
			containerPortal = 05C4D9461E7616DF00AB9F52 /* Project object */;
			proxyType = 1;
			remoteGlobalIDString = 05C4D94D1E7616DF00AB9F52;
			remoteInfo = calc;
		};
/* End PBXContainerItemProxy section */

/* Begin PBXCopyFilesBuildPhase section */
		05C4D94C1E7616DF00AB9F52 /* CopyFiles */ = {
			isa = PBXCopyFilesBuildPhase;
			buildActionMask = 2147483647;
			dstPath = /usr/share/man/man1/;
			dstSubfolderSpec = 0;
			files = (
			);
			runOnlyForDeploymentPostprocessing = 1;
		};
/* End PBXCopyFilesBuildPhase section */

/* Begin PBXFileReference section */
		050330711E767CEF005AB44A /* GameKit.framework */ = {isa = PBXFileReference; lastKnownFileType = wrapper.framework; name = GameKit.framework; path = System/Library/Frameworks/GameKit.framework; sourceTree = SDKROOT; };
		05C4D94E1E7616DF00AB9F52 /* calc */ = {isa = PBXFileReference; explicitFileType = "compiled.mach-o.executable"; includeInIndex = 0; path = calc; sourceTree = BUILT_PRODUCTS_DIR; };
		05C4D9511E7616DF00AB9F52 /* main.m */ = {isa = PBXFileReference; lastKnownFileType = sourcecode.c.objc; path = main.m; sourceTree = "<group>"; };
		05C4D95C1E76182500AB9F52 /* CalcTest.xctest */ = {isa = PBXFileReference; explicitFileType = wrapper.cfbundle; includeInIndex = 0; path = CalcTest.xctest; sourceTree = BUILT_PRODUCTS_DIR; };
		05C4D95E1E76182500AB9F52 /* CalcTest.swift */ = {isa = PBXFileReference; lastKnownFileType = sourcecode.swift; path = CalcTest.swift; sourceTree = "<group>"; };
		05C4D9601E76182500AB9F52 /* Info.plist */ = {isa = PBXFileReference; lastKnownFileType = text.plist.xml; path = Info.plist; sourceTree = "<group>"; };
		05F9F69E1E9DEDD500694D73 /* CalcTest-Bridging-Header.h */ = {isa = PBXFileReference; lastKnownFileType = sourcecode.c.h; path = "CalcTest-Bridging-Header.h"; sourceTree = "<group>"; };
/* End PBXFileReference section */

/* Begin PBXFrameworksBuildPhase section */
		05C4D94B1E7616DF00AB9F52 /* Frameworks */ = {
			isa = PBXFrameworksBuildPhase;
			buildActionMask = 2147483647;
			files = (
			);
			runOnlyForDeploymentPostprocessing = 0;
		};
		05C4D9591E76182500AB9F52 /* Frameworks */ = {
			isa = PBXFrameworksBuildPhase;
			buildActionMask = 2147483647;
			files = (
				050330721E767CEF005AB44A /* GameKit.framework in Frameworks */,
			);
			runOnlyForDeploymentPostprocessing = 0;
		};
/* End PBXFrameworksBuildPhase section */

/* Begin PBXGroup section */
		050330701E767CEF005AB44A /* Frameworks */ = {
			isa = PBXGroup;
			children = (
				050330711E767CEF005AB44A /* GameKit.framework */,
			);
			name = Frameworks;
			sourceTree = "<group>";
		};
		05C4D9451E7616DE00AB9F52 = {
			isa = PBXGroup;
			children = (
				05C4D9501E7616DF00AB9F52 /* calc */,
				05C4D95D1E76182500AB9F52 /* CalcTest */,
				05C4D94F1E7616DF00AB9F52 /* Products */,
				050330701E767CEF005AB44A /* Frameworks */,
			);
			sourceTree = "<group>";
		};
		05C4D94F1E7616DF00AB9F52 /* Products */ = {
			isa = PBXGroup;
			children = (
				05C4D94E1E7616DF00AB9F52 /* calc */,
				05C4D95C1E76182500AB9F52 /* CalcTest.xctest */,
			);
			name = Products;
			sourceTree = "<group>";
		};
		05C4D9501E7616DF00AB9F52 /* calc */ = {
			isa = PBXGroup;
			children = (
				05C4D9511E7616DF00AB9F52 /* main.m */,
			);
			path = calc;
			sourceTree = "<group>";
		};
		05C4D95D1E76182500AB9F52 /* CalcTest */ = {
			isa = PBXGroup;
			children = (
				05C4D95E1E76182500AB9F52 /* CalcTest.swift */,
				05C4D9601E76182500AB9F52 /* Info.plist */,
				05F9F69E1E9DEDD500694D73 /* CalcTest-Bridging-Header.h */,
			);
			path = CalcTest;
			sourceTree = "<group>";
		};
/* End PBXGroup section */

/* Begin PBXNativeTarget section */
		05C4D94D1E7616DF00AB9F52 /* calc */ = {
			isa = PBXNativeTarget;
			buildConfigurationList = 05C4D9551E7616DF00AB9F52 /* Build configuration list for PBXNativeTarget "calc" */;
			buildPhases = (
				05C4D94A1E7616DF00AB9F52 /* Sources */,
				05C4D94B1E7616DF00AB9F52 /* Frameworks */,
				05C4D94C1E7616DF00AB9F52 /* CopyFiles */,
			);
			buildRules = (
			);
			dependencies = (
			);
			name = calc;
			productName = calc;
			productReference = 05C4D94E1E7616DF00AB9F52 /* calc */;
			productType = "com.apple.product-type.tool";
		};
		05C4D95B1E76182500AB9F52 /* CalcTest */ = {
			isa = PBXNativeTarget;
			buildConfigurationList = 05C4D9611E76182500AB9F52 /* Build configuration list for PBXNativeTarget "CalcTest" */;
			buildPhases = (
				05C4D9581E76182500AB9F52 /* Sources */,
				05C4D9591E76182500AB9F52 /* Frameworks */,
				05C4D95A1E76182500AB9F52 /* Resources */,
			);
			buildRules = (
			);
			dependencies = (
				05C4D9651E7618E600AB9F52 /* PBXTargetDependency */,
			);
			name = CalcTest;
			productName = CalcTest;
			productReference = 05C4D95C1E76182500AB9F52 /* CalcTest.xctest */;
			productType = "com.apple.product-type.bundle.unit-test";
		};
/* End PBXNativeTarget section */

/* Begin PBXProject section */
		05C4D9461E7616DF00AB9F52 /* Project object */ = {
			isa = PBXProject;
			attributes = {
				LastSwiftUpdateCheck = 0820;
				LastUpgradeCheck = 0830;
				ORGANIZATIONNAME = UTS;
				TargetAttributes = {
					05C4D94D1E7616DF00AB9F52 = {
						CreatedOnToolsVersion = 8.2.1;
						ProvisioningStyle = Automatic;
					};
					05C4D95B1E76182500AB9F52 = {
						CreatedOnToolsVersion = 8.2.1;
						LastSwiftMigration = 0830;
						ProvisioningStyle = Automatic;
					};
				};
			};
			buildConfigurationList = 05C4D9491E7616DF00AB9F52 /* Build configuration list for PBXProject "calc" */;
			compatibilityVersion = "Xcode 3.2";
			developmentRegion = English;
			hasScannedForEncodings = 0;
			knownRegions = (
				en,
			);
			mainGroup = 05C4D9451E7616DE00AB9F52;
			productRefGroup = 05C4D94F1E7616DF00AB9F52 /* Products */;
			projectDirPath = "";
			projectRoot = "";
			targets = (
				05C4D94D1E7616DF00AB9F52 /* calc */,
				05C4D95B1E76182500AB9F52 /* CalcTest */,
			);
		};
/* End PBXProject section */

/* Begin PBXResourcesBuildPhase section */
		05C4D95A1E76182500AB9F52 /* Resources */ = {
			isa = PBXResourcesBuildPhase;
			buildActionMask = 2147483647;
			files = (
				05F9F69D1E9DE9FD00694D73 /* calc in Resources */,
			);
			runOnlyForDeploymentPostprocessing = 0;
		};
/* End PBXResourcesBuildPhase section */

/* Begin PBXSourcesBuildPhase section */
		05C4D94A1E7616DF00AB9F52 /* Sources */ = {
			isa = PBXSourcesBuildPhase;
			buildActionMask = 2147483647;
			files = (
				05C4D9521E7616DF00AB9F52 /* main.m in Sources */,
			);
			runOnlyForDeploymentPostprocessing = 0;
		};
		05C4D9581E76182500AB9F52 /* Sources */ = {
			isa = PBXSourcesBuildPhase;
			buildActionMask = 2147483647;
			files = (
				05F9F6A81E9DEF7200694D73 /* main.m in Sources */,
				05C4D95F1E76182500AB9F52 /* CalcTest.swift in Sources */,
			);
			runOnlyForDeploymentPostprocessing = 0;
		};
/* End PBXSourcesBuildPhase section */

/* Begin PBXTargetDependency section */
		05C4D9651E7618E600AB9F52 /* PBXTargetDependency */ = {
			isa = PBXTargetDependency;
			target = 05C4D94D1E7616DF00AB9F52 /* calc */;
			targetProxy = 05C4D9641E7618E600AB9F52 /* PBXContainerItemProxy */;
		};
/* End PBXTargetDependency section */

/* Begin XCBuildConfiguration section */
		05C4D9531E7616DF00AB9F52 /* Debug */ = {
			isa = XCBuildConfiguration;
			buildSettings = {
				ALWAYS_SEARCH_USER_PATHS = NO;
				CLANG_ANALYZER_NONNULL = YES;
				CLANG_CXX_LANGUAGE_STANDARD = "gnu++0x";
				CLANG_CXX_LIBRARY = "libc++";
				CLANG_ENABLE_MODULES = YES;
				CLANG_ENABLE_OBJC_ARC = YES;
				CLANG_WARN_BOOL_CONVERSION = YES;
				CLANG_WARN_CONSTANT_CONVERSION = YES;
				CLANG_WARN_DIRECT_OBJC_ISA_USAGE = YES_ERROR;
				CLANG_WARN_DOCUMENTATION_COMMENTS = YES;
				CLANG_WARN_EMPTY_BODY = YES;
				CLANG_WARN_ENUM_CONVERSION = YES;
				CLANG_WARN_INFINITE_RECURSION = YES;
				CLANG_WARN_INT_CONVERSION = YES;
				CLANG_WARN_OBJC_ROOT_CLASS = YES_ERROR;
				CLANG_WARN_SUSPICIOUS_MOVE = YES;
				CLANG_WARN_UNREACHABLE_CODE = YES;
				CLANG_WARN__DUPLICATE_METHOD_MATCH = YES;
				CODE_SIGN_IDENTITY = "-";
				COPY_PHASE_STRIP = NO;
				DEBUG_INFORMATION_FORMAT = dwarf;
				ENABLE_STRICT_OBJC_MSGSEND = YES;
				ENABLE_TESTABILITY = YES;
				GCC_C_LANGUAGE_STANDARD = gnu99;
				GCC_DYNAMIC_NO_PIC = NO;
				GCC_NO_COMMON_BLOCKS = YES;
				GCC_OPTIMIZATION_LEVEL = 0;
				GCC_PREPROCESSOR_DEFINITIONS = (
					"DEBUG=1",
					"$(inherited)",
				);
				GCC_WARN_64_TO_32_BIT_CONVERSION = YES;
				GCC_WARN_ABOUT_RETURN_TYPE = YES_ERROR;
				GCC_WARN_UNDECLARED_SELECTOR = YES;
				GCC_WARN_UNINITIALIZED_AUTOS = YES_AGGRESSIVE;
				GCC_WARN_UNUSED_FUNCTION = YES;
				GCC_WARN_UNUSED_VARIABLE = YES;
				MACOSX_DEPLOYMENT_TARGET = 10.12;
				MTL_ENABLE_DEBUG_INFO = YES;
				ONLY_ACTIVE_ARCH = YES;
				SDKROOT = macosx;
			};
			name = Debug;
		};
		05C4D9541E7616DF00AB9F52 /* Release */ = {
			isa = XCBuildConfiguration;
			buildSettings = {
				ALWAYS_SEARCH_USER_PATHS = NO;
				CLANG_ANALYZER_NONNULL = YES;
				CLANG_CXX_LANGUAGE_STANDARD = "gnu++0x";
				CLANG_CXX_LIBRARY = "libc++";
				CLANG_ENABLE_MODULES = YES;
				CLANG_ENABLE_OBJC_ARC = YES;
				CLANG_WARN_BOOL_CONVERSION = YES;
				CLANG_WARN_CONSTANT_CONVERSION = YES;
				CLANG_WARN_DIRECT_OBJC_ISA_USAGE = YES_ERROR;
				CLANG_WARN_DOCUMENTATION_COMMENTS = YES;
				CLANG_WARN_EMPTY_BODY = YES;
				CLANG_WARN_ENUM_CONVERSION = YES;
				CLANG_WARN_INFINITE_RECURSION = YES;
				CLANG_WARN_INT_CONVERSION = YES;
				CLANG_WARN_OBJC_ROOT_CLASS = YES_ERROR;
				CLANG_WARN_SUSPICIOUS_MOVE = YES;
				CLANG_WARN_UNREACHABLE_CODE = YES;
				CLANG_WARN__DUPLICATE_METHOD_MATCH = YES;
				CODE_SIGN_IDENTITY = "-";
				COPY_PHASE_STRIP = NO;
				DEBUG_INFORMATION_FORMAT = "dwarf-with-dsym";
				ENABLE_NS_ASSERTIONS = NO;
				ENABLE_STRICT_OBJC_MSGSEND = YES;
				GCC_C_LANGUAGE_STANDARD = gnu99;
				GCC_NO_COMMON_BLOCKS = YES;
				GCC_WARN_64_TO_32_BIT_CONVERSION = YES;
				GCC_WARN_ABOUT_RETURN_TYPE = YES_ERROR;
				GCC_WARN_UNDECLARED_SELECTOR = YES;
				GCC_WARN_UNINITIALIZED_AUTOS = YES_AGGRESSIVE;
				GCC_WARN_UNUSED_FUNCTION = YES;
				GCC_WARN_UNUSED_VARIABLE = YES;
				MACOSX_DEPLOYMENT_TARGET = 10.12;
				MTL_ENABLE_DEBUG_INFO = NO;
				SDKROOT = macosx;
				SWIFT_OPTIMIZATION_LEVEL = "-Owholemodule";
			};
			name = Release;
		};
		05C4D9561E7616DF00AB9F52 /* Debug */ = {
			isa = XCBuildConfiguration;
			buildSettings = {
				PRODUCT_NAME = "$(TARGET_NAME)";
			};
			name = Debug;
		};
		05C4D9571E7616DF00AB9F52 /* Release */ = {
			isa = XCBuildConfiguration;
			buildSettings = {
				PRODUCT_NAME = "$(TARGET_NAME)";
			};
			name = Release;
		};
		05C4D9621E76182500AB9F52 /* Debug */ = {
			isa = XCBuildConfiguration;
			buildSettings = {
				CLANG_ENABLE_MODULES = YES;
				COMBINE_HIDPI_IMAGES = YES;
				INFOPLIST_FILE = CalcTest/Info.plist;
				LD_RUNPATH_SEARCH_PATHS = "$(inherited) @executable_path/../Frameworks @loader_path/../Frameworks";
				PRODUCT_BUNDLE_IDENTIFIER = UTS.CalcTest;
				PRODUCT_NAME = "$(TARGET_NAME)";
				SWIFT_ACTIVE_COMPILATION_CONDITIONS = DEBUG;
				SWIFT_OBJC_BRIDGING_HEADER = "CalcTest/CalcTest-Bridging-Header.h";
				SWIFT_OPTIMIZATION_LEVEL = "-Onone";
				SWIFT_VERSION = 3.0;
			};
			name = Debug;
		};
		05C4D9631E76182500AB9F52 /* Release */ = {
			isa = XCBuildConfiguration;
			buildSettings = {
				CLANG_ENABLE_MODULES = YES;
				COMBINE_HIDPI_IMAGES = YES;
				INFOPLIST_FILE = CalcTest/Info.plist;
				LD_RUNPATH_SEARCH_PATHS = "$(inherited) @executable_path/../Frameworks @loader_path/../Frameworks";
				PRODUCT_BUNDLE_IDENTIFIER = UTS.CalcTest;
				PRODUCT_NAME = "$(TARGET_NAME)";
				SWIFT_OBJC_BRIDGING_HEADER = "CalcTest/CalcTest-Bridging-Header.h";
				SWIFT_OPTIMIZATION_LEVEL = "-Owholemodule";
				SWIFT_VERSION = 3.0;
			};
			name = Release;
		};
/* End XCBuildConfiguration section */

/* Begin XCConfigurationList section */
		05C4D9491E7616DF00AB9F52 /* Build configuration list for PBXProject "calc" */ = {
			isa = XCConfigurationList;
			buildConfigurations = (
				05C4D9531E7616DF00AB9F52 /* Debug */,
				05C4D9541E7616DF00AB9F52 /* Release */,
			);
			defaultConfigurationIsVisible = 0;
			defaultConfigurationName = Release;
		};
		05C4D9551E7616DF00AB9F52 /* Build configuration list for PBXNativeTarget "calc" */ = {
			isa = XCConfigurationList;
			buildConfigurations = (
				05C4D9561E7616DF00AB9F52 /* Debug */,
				05C4D9571E7616DF00AB9F52 /* Release */,
			);
			defaultConfigurationIsVisible = 0;
			defaultConfigurationName = Release;
		};
		05C4D9611E76182500AB9F52 /* Build configuration list for PBXNativeTarget "CalcTest" */ = {
			isa = XCConfigurationList;
			buildConfigurations = (
				05C4D9621E76182500AB9F52 /* Debug */,
				05C4D9631E76182500AB9F52 /* Release */,
			);
			defaultConfigurationIsVisible = 0;
			defaultConfigurationName = Release;
		};
/* End XCConfigurationList section */
	};
	rootObject = 05C4D9461E7616DF00AB9F52 /* Project object */;
}
